// !$*UTF8*$!
{
	archiveVersion = 1;
	classes = {
	};
	objectVersion = 46;
	objects = {

/* Begin PBXBuildFile section */
		A81789031CA29D5E0032105B /* AppDelegate.swift in Sources */ = {isa = PBXBuildFile; fileRef = A81789021CA29D5E0032105B /* AppDelegate.swift */; };
		A81789051CA29D5E0032105B /* ViewController.swift in Sources */ = {isa = PBXBuildFile; fileRef = A81789041CA29D5E0032105B /* ViewController.swift */; };
		A81789081CA29D5E0032105B /* Main.storyboard in Resources */ = {isa = PBXBuildFile; fileRef = A81789061CA29D5E0032105B /* Main.storyboard */; };
		A817890A1CA29D5E0032105B /* Assets.xcassets in Resources */ = {isa = PBXBuildFile; fileRef = A81789091CA29D5E0032105B /* Assets.xcassets */; };
		A817890D1CA29D5E0032105B /* LaunchScreen.storyboard in Resources */ = {isa = PBXBuildFile; fileRef = A817890B1CA29D5E0032105B /* LaunchScreen.storyboard */; };
/* End PBXBuildFile section */

/* Begin PBXFileReference section */
		A81788FF1CA29D5E0032105B /* CollectionViewSample2.app */ = {isa = PBXFileReference; explicitFileType = wrapper.application; includeInIndex = 0; path = CollectionViewSample2.app; sourceTree = BUILT_PRODUCTS_DIR; };
		A81789021CA29D5E0032105B /* AppDelegate.swift */ = {isa = PBXFileReference; lastKnownFileType = sourcecode.swift; path = AppDelegate.swift; sourceTree = "<group>"; };
		A81789041CA29D5E0032105B /* ViewController.swift */ = {isa = PBXFileReference; lastKnownFileType = sourcecode.swift; path = ViewController.swift; sourceTree = "<group>"; };
		A81789071CA29D5E0032105B /* Base */ = {isa = PBXFileReference; lastKnownFileType = file.storyboard; name = Base; path = Base.lproj/Main.storyboard; sourceTree = "<group>"; };
		A81789091CA29D5E0032105B /* Assets.xcassets */ = {isa = PBXFileReference; lastKnownFileType = folder.assetcatalog; path = Assets.xcassets; sourceTree = "<group>"; };
		A817890C1CA29D5E0032105B /* Base */ = {isa = PBXFileReference; lastKnownFileType = file.storyboard; name = Base; path = Base.lproj/LaunchScreen.storyboard; sourceTree = "<group>"; };
		A817890E1CA29D5E0032105B /* Info.plist */ = {isa = PBXFileReference; lastKnownFileType = text.plist.xml; path = Info.plist; sourceTree = "<group>"; };
/* End PBXFileReference section */

/* Begin PBXFrameworksBuildPhase section */
		A81788FC1CA29D5E0032105B /* Frameworks */ = {
			isa = PBXFrameworksBuildPhase;
			buildActionMask = 2147483647;
			files = (
			);
			runOnlyForDeploymentPostprocessing = 0;
		};
/* End PBXFrameworksBuildPhase section */

/* Begin PBXGroup section */
		A81788F61CA29D5E0032105B = {
			isa = PBXGroup;
			children = (
				A81789011CA29D5E0032105B /* CollectionViewSample2 */,
				A81789001CA29D5E0032105B /* Products */,
			);
			sourceTree = "<group>";
		};
		A81789001CA29D5E0032105B /* Products */ = {
			isa = PBXGroup;
			children = (
				A81788FF1CA29D5E0032105B /* CollectionViewSample2.app */,
			);
			name = Products;
			sourceTree = "<group>";
		};
		A81789011CA29D5E0032105B /* CollectionViewSample2 */ = {
			isa = PBXGroup;
			children = (
				A81789021CA29D5E0032105B /* AppDelegate.swift */,
				A81789041CA29D5E0032105B /* ViewController.swift */,
				A81789061CA29D5E0032105B /* Main.storyboard */,
				A81789091CA29D5E0032105B /* Assets.xcassets */,
				A817890B1CA29D5E0032105B /* LaunchScreen.storyboard */,
				A817890E1CA29D5E0032105B /* Info.plist */,
			);
			path = CollectionViewSample2;
			sourceTree = "<group>";
		};
/* End PBXGroup section */

/* Begin PBXNativeTarget section */
		A81788FE1CA29D5E0032105B /* CollectionViewSample2 */ = {
			isa = PBXNativeTarget;
			buildConfigurationList = A81789111CA29D5E0032105B /* Build configuration list for PBXNativeTarget "CollectionViewSample2" */;
			buildPhases = (
				A81788FB1CA29D5E0032105B /* Sources */,
				A81788FC1CA29D5E0032105B /* Frameworks */,
				A81788FD1CA29D5E0032105B /* Resources */,
			);
			buildRules = (
			);
			dependencies = (
			);
			name = CollectionViewSample2;
			productName = CollectionViewSample2;
			productReference = A81788FF1CA29D5E0032105B /* CollectionViewSample2.app */;
			productType = "com.apple.product-type.application";
		};
/* End PBXNativeTarget section */

/* Begin PBXProject section */
		A81788F71CA29D5E0032105B /* Project object */ = {
			isa = PBXProject;
			attributes = {
				LastSwiftUpdateCheck = 0720;
				LastUpgradeCheck = 0720;
				ORGANIZATIONNAME = Hayashidesu;
				TargetAttributes = {
					A81788FE1CA29D5E0032105B = {
						CreatedOnToolsVersion = 7.2.1;
					};
				};
			};
			buildConfigurationList = A81788FA1CA29D5E0032105B /* Build configuration list for PBXProject "CollectionViewSample2" */;
			compatibilityVersion = "Xcode 3.2";
			developmentRegion = English;
			hasScannedForEncodings = 0;
			knownRegions = (
				en,
				Base,
			);
			mainGroup = A81788F61CA29D5E0032105B;
			productRefGroup = A81789001CA29D5E0032105B /* Products */;
			projectDirPath = "";
			projectRoot = "";
			targets = (
				A81788FE1CA29D5E0032105B /* CollectionViewSample2 */,
			);
		};
/* End PBXProject section */

/* Begin PBXResourcesBuildPhase section */
		A81788FD1CA29D5E0032105B /* Resources */ = {
			isa = PBXResourcesBuildPhase;
			buildActionMask = 2147483647;
			files = (
				A817890D1CA29D5E0032105B /* LaunchScreen.storyboard in Resources */,
				A817890A1CA29D5E0032105B /* Assets.xcassets in Resources */,
				A81789081CA29D5E0032105B /* Main.storyboard in Resources */,
			);
			runOnlyForDeploymentPostprocessing = 0;
		};
/* End PBXResourcesBuildPhase section */

/* Begin PBXSourcesBuildPhase section */
		A81788FB1CA29D5E0032105B /* Sources */ = {
			isa = PBXSourcesBuildPhase;
			buildActionMask = 2147483647;
			files = (
				A81789051CA29D5E0032105B /* ViewController.swift in Sources */,
				A81789031CA29D5E0032105B /* AppDelegate.swift in Sources */,
			);
			runOnlyForDeploymentPostprocessing = 0;
		};
/* End PBXSourcesBuildPhase section */

/* Begin PBXVariantGroup section */
		A81789061CA29D5E0032105B /* Main.storyboard */ = {
			isa = PBXVariantGroup;
			children = (
				A81789071CA29D5E0032105B /* Base */,
			);
			name = Main.storyboard;
			sourceTree = "<group>";
		};
		A817890B1CA29D5E0032105B /* LaunchScreen.storyboard */ = {
			isa = PBXVariantGroup;
			children = (
				A817890C1CA29D5E0032105B /* Base */,
			);
			name = LaunchScreen.storyboard;
			sourceTree = "<group>";
		};
/* End PBXVariantGroup section */

/* Begin XCBuildConfiguration section */
		A817890F1CA29D5E0032105B /* Debug */ = {
			isa = XCBuildConfiguration;
			buildSettings = {
				ALWAYS_SEARCH_USER_PATHS = NO;
				CLANG_CXX_LANGUAGE_STANDARD = "gnu++0x";
				CLANG_CXX_LIBRARY = "libc++";
				CLANG_ENABLE_MODULES = YES;
				CLANG_ENABLE_OBJC_ARC = YES;
				CLANG_WARN_BOOL_CONVERSION = YES;
				CLANG_WARN_CONSTANT_CONVERSION = YES;
				CLANG_WARN_DIRECT_OBJC_ISA_USAGE = YES_ERROR;
				CLANG_WARN_EMPTY_BODY = YES;
				CLANG_WARN_ENUM_CONVERSION = YES;
				CLANG_WARN_INT_CONVERSION = YES;
				CLANG_WARN_OBJC_ROOT_CLASS = YES_ERROR;
				CLANG_WARN_UNREACHABLE_CODE = YES;
				CLANG_WARN__DUPLICATE_METHOD_MATCH = YES;
				"CODE_SIGN_IDENTITY[sdk=iphoneos*]" = "iPhone Developer";
				COPY_PHASE_STRIP = NO;
				DEBUG_INFORMATION_FORMAT = dwarf;
				ENABLE_STRICT_OBJC_MSGSEND = YES;
				ENABLE_TESTABILITY = YES;
				GCC_C_LANGUAGE_STANDARD = gnu99;
				GCC_DYNAMIC_NO_PIC = NO;
				GCC_NO_COMMON_BLOCKS = YES;
				GCC_OPTIMIZATION_LEVEL = 0;
				GCC_PREPROCESSOR_DEFINITIONS = (
					"DEBUG=1",
					"$(inherited)",
				);
				GCC_WARN_64_TO_32_BIT_CONVERSION = YES;
				GCC_WARN_ABOUT_RETURN_TYPE = YES_ERROR;
				GCC_WARN_UNDECLARED_SELECTOR = YES;
				GCC_WARN_UNINITIALIZED_AUTOS = YES_AGGRESSIVE;
				GCC_WARN_UNUSED_FUNCTION = YES;
				GCC_WARN_UNUSED_VARIABLE = YES;
				IPHONEOS_DEPLOYMENT_TARGET = 9.2;
				MTL_ENABLE_DEBUG_INFO = YES;
				ONLY_ACTIVE_ARCH = YES;
				SDKROOT = iphoneos;
				SWIFT_OPTIMIZATION_LEVEL = "-Onone";
			};
			name = Debug;
		};
		A81789101CA29D5E0032105B /* Release */ = {
			isa = XCBuildConfiguration;
			buildSettings = {
				ALWAYS_SEARCH_USER_PATHS = NO;
				CLANG_CXX_LANGUAGE_STANDARD = "gnu++0x";
				CLANG_CXX_LIBRARY = "libc++";
				CLANG_ENABLE_MODULES = YES;
				CLANG_ENABLE_OBJC_ARC = YES;
				CLANG_WARN_BOOL_CONVERSION = YES;
				CLANG_WARN_CONSTANT_CONVERSION = YES;
				CLANG_WARN_DIRECT_OBJC_ISA_USAGE = YES_ERROR;
				CLANG_WARN_EMPTY_BODY = YES;
				CLANG_WARN_ENUM_CONVERSION = YES;
				CLANG_WARN_INT_CONVERSION = YES;
				CLANG_WARN_OBJC_ROOT_CLASS = YES_ERROR;
				CLANG_WARN_UNREACHABLE_CODE = YES;
				CLANG_WARN__DUPLICATE_METHOD_MATCH = YES;
				"CODE_SIGN_IDENTITY[sdk=iphoneos*]" = "iPhone Developer";
				COPY_PHASE_STRIP = NO;
				DEBUG_INFORMATION_FORMAT = "dwarf-with-dsym";
				ENABLE_NS_ASSERTIONS = NO;
				ENABLE_STRICT_OBJC_MSGSEND = YES;
				GCC_C_LANGUAGE_STANDARD = gnu99;
				GCC_NO_COMMON_BLOCKS = YES;
				GCC_WARN_64_TO_32_BIT_CONVERSION = YES;
				GCC_WARN_ABOUT_RETURN_TYPE = YES_ERROR;
				GCC_WARN_UNDECLARED_SELECTOR = YES;
				GCC_WARN_UNINITIALIZED_AUTOS = YES_AGGRESSIVE;
				GCC_WARN_UNUSED_FUNCTION = YES;
				GCC_WARN_UNUSED_VARIABLE = YES;
				IPHONEOS_DEPLOYMENT_TARGET = 9.2;
				MTL_ENABLE_DEBUG_INFO = NO;
				SDKROOT = iphoneos;
				VALIDATE_PRODUCT = YES;
			};
			name = Release;
		};
		A81789121CA29D5E0032105B /* Debug */ = {
			isa = XCBuildConfiguration;
			buildSettings = {
				ASSETCATALOG_COMPILER_APPICON_NAME = AppIcon;
				INFOPLIST_FILE = CollectionViewSample2/Info.plist;
				LD_RUNPATH_SEARCH_PATHS = "$(inherited) @executable_path/Frameworks";
				PRODUCT_BUNDLE_IDENTIFIER = Hayashidesu.CollectionViewSample2;
				PRODUCT_NAME = "$(TARGET_NAME)";
			};
			name = Debug;
		};
		A81789131CA29D5E0032105B /* Release */ = {
			isa = XCBuildConfiguration;
			buildSettings = {
				ASSETCATALOG_COMPILER_APPICON_NAME = AppIcon;
				INFOPLIST_FILE = CollectionViewSample2/Info.plist;
				LD_RUNPATH_SEARCH_PATHS = "$(inherited) @executable_path/Frameworks";
				PRODUCT_BUNDLE_IDENTIFIER = Hayashidesu.CollectionViewSample2;
				PRODUCT_NAME = "$(TARGET_NAME)";
			};
			name = Release;
		};
/* End XCBuildConfiguration section */

/* Begin XCConfigurationList section */
		A81788FA1CA29D5E0032105B /* Build configuration list for PBXProject "CollectionViewSample2" */ = {
			isa = XCConfigurationList;
			buildConfigurations = (
				A817890F1CA29D5E0032105B /* Debug */,
				A81789101CA29D5E0032105B /* Release */,
			);
			defaultConfigurationIsVisible = 0;
			defaultConfigurationName = Release;
		};
		A81789111CA29D5E0032105B /* Build configuration list for PBXNativeTarget "CollectionViewSample2" */ = {
			isa = XCConfigurationList;
			buildConfigurations = (
				A81789121CA29D5E0032105B /* Debug */,
				A81789131CA29D5E0032105B /* Release */,
			);
			defaultConfigurationIsVisible = 0;
		};
/* End XCConfigurationList section */
	};
	rootObject = A81788F71CA29D5E0032105B /* Project object */;
}
